
Microsoft Visual Studio Solution File, Format Version 12.00
# Visual Studio Version 17
VisualStudioVersion = 17.6.33712.159
MinimumVisualStudioVersion = 10.0.40219.1
Project("{8BC9CEB8-8B4A-11D0-8D11-00A0C91BC942}") = "OpenGL", "OpenGL\OpenGL.vcxproj", "{9B6A2B39-B3B4-421F-A719-C96F77909218}"
EndProject
Global
	GlobalSection(SolutionConfigurationPlatforms) = preSolution
		Debug|x64 = Debug|x64
		Debug|x86 = Debug|x86
		Release|x64 = Release|x64
		Release|x86 = Release|x86
	EndGlobalSection
	GlobalSection(ProjectConfigurationPlatforms) = postSolution
		{9B6A2B39-B3B4-421F-A719-C96F77909218}.Debug|x64.ActiveCfg = Debug|x64
		{9B6A2B39-B3B4-421F-A719-C96F77909218}.Debug|x64.Build.0 = Debug|x64
		{9B6A2B39-B3B4-421F-A719-C96F77909218}.Debug|x86.ActiveCfg = Debug|Win32
		{9B6A2B39-B3B4-421F-A719-C96F77909218}.Debug|x86.Build.0 = Debug|Win32
		{9B6A2B39-B3B4-421F-A719-C96F77909218}.Release|x64.ActiveCfg = Release|x64
		{9B6A2B39-B3B4-421F-A719-C96F77909218}.Release|x64.Build.0 = Release|x64
		{9B6A2B39-B3B4-421F-A719-C96F77909218}.Release|x86.ActiveCfg = Release|Win32
		{9B6A2B39-B3B4-421F-A719-C96F77909218}.Release|x86.Build.0 = Release|Win32
	EndGlobalSection
	GlobalSection(SolutionProperties) = preSolution
		HideSolutionNode = FALSE
	EndGlobalSection
	GlobalSection(ExtensibilityGlobals) = postSolution
		SolutionGuid = {342B9922-ECD0-48F0-AE59-49380AE81B3E}
	EndGlobalSection
EndGlobal
